
Microsoft Visual Studio Solution File, Format Version 12.00
# Visual Studio Version 17
VisualStudioVersion = 17.8.34330.188
MinimumVisualStudioVersion = 10.0.40219.1
Project("{FAE04EC0-301F-11D3-BF4B-00C04F79EFBC}") = "Ejercicio2", "Ejercicio2\Ejercicio2.csproj", "{0921322C-D33D-4D59-A36E-68CE185C5A66}"
EndProject
Global
	GlobalSection(SolutionConfigurationPlatforms) = preSolution
		Debug|Any CPU = Debug|Any CPU
		Release|Any CPU = Release|Any CPU
	EndGlobalSection
	GlobalSection(ProjectConfigurationPlatforms) = postSolution
		{0921322C-D33D-4D59-A36E-68CE185C5A66}.Debug|Any CPU.ActiveCfg = Debug|Any CPU
		{0921322C-D33D-4D59-A36E-68CE185C5A66}.Debug|Any CPU.Build.0 = Debug|Any CPU
		{0921322C-D33D-4D59-A36E-68CE185C5A66}.Release|Any CPU.ActiveCfg = Release|Any CPU
		{0921322C-D33D-4D59-A36E-68CE185C5A66}.Release|Any CPU.Build.0 = Release|Any CPU
	EndGlobalSection
	GlobalSection(SolutionProperties) = preSolution
		HideSolutionNode = FALSE
	EndGlobalSection
	GlobalSection(ExtensibilityGlobals) = postSolution
		SolutionGuid = {FD019273-8C01-4E7D-A9CB-57DE250E22FA}
	EndGlobalSection
EndGlobal
