
Microsoft Visual Studio Solution File, Format Version 12.00
# Visual Studio Version 17
VisualStudioVersion = 17.8.34330.188
MinimumVisualStudioVersion = 10.0.40219.1
Project("{FAE04EC0-301F-11D3-BF4B-00C04F79EFBC}") = "Ejercicio3", "Ejercicio3\Ejercicio3.csproj", "{8A7B1705-F55C-40A2-BEE3-B382E5A687ED}"
EndProject
Global
	GlobalSection(SolutionConfigurationPlatforms) = preSolution
		Debug|Any CPU = Debug|Any CPU
		Release|Any CPU = Release|Any CPU
	EndGlobalSection
	GlobalSection(ProjectConfigurationPlatforms) = postSolution
		{8A7B1705-F55C-40A2-BEE3-B382E5A687ED}.Debug|Any CPU.ActiveCfg = Debug|Any CPU
		{8A7B1705-F55C-40A2-BEE3-B382E5A687ED}.Debug|Any CPU.Build.0 = Debug|Any CPU
		{8A7B1705-F55C-40A2-BEE3-B382E5A687ED}.Release|Any CPU.ActiveCfg = Release|Any CPU
		{8A7B1705-F55C-40A2-BEE3-B382E5A687ED}.Release|Any CPU.Build.0 = Release|Any CPU
	EndGlobalSection
	GlobalSection(SolutionProperties) = preSolution
		HideSolutionNode = FALSE
	EndGlobalSection
	GlobalSection(ExtensibilityGlobals) = postSolution
		SolutionGuid = {82791499-8E25-4D71-9051-3546A6ADFE9C}
	EndGlobalSection
EndGlobal
